
Microsoft Visual Studio Solution File, Format Version 12.00
# Visual Studio Version 16
VisualStudioVersion = 16.0.31702.278
MinimumVisualStudioVersion = 10.0.40219.1
Project("{FAE04EC0-301F-11D3-BF4B-00C04F79EFBC}") = "Loterea", "Lesson10\Loterea.csproj", "{70F40B16-E840-4300-B8AC-BA080F255360}"
EndProject
Project("{FAE04EC0-301F-11D3-BF4B-00C04F79EFBC}") = "hw", "..\hw\hw.csproj", "{005D6F75-8E53-48CD-B328-1EEA4F072A7B}"
EndProject
Project("{FAE04EC0-301F-11D3-BF4B-00C04F79EFBC}") = "ConsoleApp1", "..\..\долги\ConsoleApp1\ConsoleApp1.csproj", "{D69BD8E6-942E-41B6-B294-732E03867679}"
EndProject
Global
	GlobalSection(SolutionConfigurationPlatforms) = preSolution
		Debug|Any CPU = Debug|Any CPU
		Release|Any CPU = Release|Any CPU
	EndGlobalSection
	GlobalSection(ProjectConfigurationPlatforms) = postSolution
		{70F40B16-E840-4300-B8AC-BA080F255360}.Debug|Any CPU.ActiveCfg = Debug|Any CPU
		{70F40B16-E840-4300-B8AC-BA080F255360}.Debug|Any CPU.Build.0 = Debug|Any CPU
		{70F40B16-E840-4300-B8AC-BA080F255360}.Release|Any CPU.ActiveCfg = Release|Any CPU
		{70F40B16-E840-4300-B8AC-BA080F255360}.Release|Any CPU.Build.0 = Release|Any CPU
		{005D6F75-8E53-48CD-B328-1EEA4F072A7B}.Debug|Any CPU.ActiveCfg = Debug|Any CPU
		{005D6F75-8E53-48CD-B328-1EEA4F072A7B}.Debug|Any CPU.Build.0 = Debug|Any CPU
		{005D6F75-8E53-48CD-B328-1EEA4F072A7B}.Release|Any CPU.ActiveCfg = Release|Any CPU
		{005D6F75-8E53-48CD-B328-1EEA4F072A7B}.Release|Any CPU.Build.0 = Release|Any CPU
		{D69BD8E6-942E-41B6-B294-732E03867679}.Debug|Any CPU.ActiveCfg = Debug|Any CPU
		{D69BD8E6-942E-41B6-B294-732E03867679}.Debug|Any CPU.Build.0 = Debug|Any CPU
		{D69BD8E6-942E-41B6-B294-732E03867679}.Release|Any CPU.ActiveCfg = Release|Any CPU
		{D69BD8E6-942E-41B6-B294-732E03867679}.Release|Any CPU.Build.0 = Release|Any CPU
	EndGlobalSection
	GlobalSection(SolutionProperties) = preSolution
		HideSolutionNode = FALSE
	EndGlobalSection
	GlobalSection(ExtensibilityGlobals) = postSolution
		SolutionGuid = {E517D35C-E133-4127-A0D1-1057C8FAF871}
	EndGlobalSection
EndGlobal
